
Microsoft Visual Studio Solution File, Format Version 12.00
# Visual Studio Version 17
VisualStudioVersion = 17.9.34701.34
MinimumVisualStudioVersion = 10.0.40219.1
Project("{FAE04EC0-301F-11D3-BF4B-00C04F79EFBC}") = "Taşıt Vergi", "Taşıt Vergi\Taşıt Vergi.csproj", "{57962A6B-B7AF-4F33-A73B-E9F59873C95A}"
EndProject
Global
	GlobalSection(SolutionConfigurationPlatforms) = preSolution
		Debug|Any CPU = Debug|Any CPU
		Release|Any CPU = Release|Any CPU
	EndGlobalSection
	GlobalSection(ProjectConfigurationPlatforms) = postSolution
		{57962A6B-B7AF-4F33-A73B-E9F59873C95A}.Debug|Any CPU.ActiveCfg = Debug|Any CPU
		{57962A6B-B7AF-4F33-A73B-E9F59873C95A}.Debug|Any CPU.Build.0 = Debug|Any CPU
		{57962A6B-B7AF-4F33-A73B-E9F59873C95A}.Release|Any CPU.ActiveCfg = Release|Any CPU
		{57962A6B-B7AF-4F33-A73B-E9F59873C95A}.Release|Any CPU.Build.0 = Release|Any CPU
	EndGlobalSection
	GlobalSection(SolutionProperties) = preSolution
		HideSolutionNode = FALSE
	EndGlobalSection
	GlobalSection(ExtensibilityGlobals) = postSolution
		SolutionGuid = {15D0B197-314F-4BDB-A394-81F0CE7BE19C}
	EndGlobalSection
EndGlobal
